
Microsoft Visual Studio Solution File, Format Version 12.00
# Visual Studio Version 17
VisualStudioVersion = 17.0.31903.59
MinimumVisualStudioVersion = 10.0.40219.1
Project("{9A19103F-16F7-4668-BE54-9A1E7A4F7556}") = "SportsStore", "SportsStore\SportsStore.csproj", "{E0F40F27-7416-4AEC-9CB5-F9DC18D08CB1}"
EndProject
Project("{9A19103F-16F7-4668-BE54-9A1E7A4F7556}") = "SportsStore.Tests", "SportsStore.Tests\SportsStore.Tests.csproj", "{884639DD-FF62-4A2C-AD2A-D443466036CA}"
EndProject
Global
	GlobalSection(SolutionConfigurationPlatforms) = preSolution
		Debug|Any CPU = Debug|Any CPU
		Release|Any CPU = Release|Any CPU
	EndGlobalSection
	GlobalSection(ProjectConfigurationPlatforms) = postSolution
		{E0F40F27-7416-4AEC-9CB5-F9DC18D08CB1}.Debug|Any CPU.ActiveCfg = Debug|Any CPU
		{E0F40F27-7416-4AEC-9CB5-F9DC18D08CB1}.Debug|Any CPU.Build.0 = Debug|Any CPU
		{E0F40F27-7416-4AEC-9CB5-F9DC18D08CB1}.Release|Any CPU.ActiveCfg = Release|Any CPU
		{E0F40F27-7416-4AEC-9CB5-F9DC18D08CB1}.Release|Any CPU.Build.0 = Release|Any CPU
		{884639DD-FF62-4A2C-AD2A-D443466036CA}.Debug|Any CPU.ActiveCfg = Debug|Any CPU
		{884639DD-FF62-4A2C-AD2A-D443466036CA}.Debug|Any CPU.Build.0 = Debug|Any CPU
		{884639DD-FF62-4A2C-AD2A-D443466036CA}.Release|Any CPU.ActiveCfg = Release|Any CPU
		{884639DD-FF62-4A2C-AD2A-D443466036CA}.Release|Any CPU.Build.0 = Release|Any CPU
	EndGlobalSection
	GlobalSection(SolutionProperties) = preSolution
		HideSolutionNode = FALSE
	EndGlobalSection
	GlobalSection(ExtensibilityGlobals) = postSolution
		SolutionGuid = {D1843B84-7DC4-4D8A-B486-EAA99088F643}
	EndGlobalSection
EndGlobal
